PODS:
  - LTMorphingLabel (0.5.9)

DEPENDENCIES:
  - LTMorphingLabel

SPEC REPOS:
  https://github.com/cocoapods/specs.git:
    - LTMorphingLabel

SPEC CHECKSUMS:
  LTMorphingLabel: e6047354486aa4ba52d36ccc40be8874b50e1ef1

PODFILE CHECKSUM: 01c28de5ffe691a39f4395d137a817902df812f0

COCOAPODS: 1.5.3
